
Microsoft Visual Studio Solution File, Format Version 12.00
# Visual Studio Version 16
VisualStudioVersion = 16.0.34729.46
MinimumVisualStudioVersion = 10.0.40219.1
Project("{FAE04EC0-301F-11D3-BF4B-00C04F79EFBC}") = "rakos", "rakos\rakos.csproj", "{746184C6-2C7F-4E68-BAB4-D074EEE3B8D2}"
EndProject
Project("{FAE04EC0-301F-11D3-BF4B-00C04F79EFBC}") = "rakostest", "rakostest\rakostest.csproj", "{6D572647-B4E6-419B-BB5F-DCFF783281CB}"
EndProject
Global
	GlobalSection(SolutionConfigurationPlatforms) = preSolution
		Debug|Any CPU = Debug|Any CPU
		Release|Any CPU = Release|Any CPU
	EndGlobalSection
	GlobalSection(ProjectConfigurationPlatforms) = postSolution
		{746184C6-2C7F-4E68-BAB4-D074EEE3B8D2}.Debug|Any CPU.ActiveCfg = Debug|Any CPU
		{746184C6-2C7F-4E68-BAB4-D074EEE3B8D2}.Debug|Any CPU.Build.0 = Debug|Any CPU
		{746184C6-2C7F-4E68-BAB4-D074EEE3B8D2}.Release|Any CPU.ActiveCfg = Release|Any CPU
		{746184C6-2C7F-4E68-BAB4-D074EEE3B8D2}.Release|Any CPU.Build.0 = Release|Any CPU
		{6D572647-B4E6-419B-BB5F-DCFF783281CB}.Debug|Any CPU.ActiveCfg = Debug|Any CPU
		{6D572647-B4E6-419B-BB5F-DCFF783281CB}.Debug|Any CPU.Build.0 = Debug|Any CPU
		{6D572647-B4E6-419B-BB5F-DCFF783281CB}.Release|Any CPU.ActiveCfg = Release|Any CPU
		{6D572647-B4E6-419B-BB5F-DCFF783281CB}.Release|Any CPU.Build.0 = Release|Any CPU
	EndGlobalSection
	GlobalSection(SolutionProperties) = preSolution
		HideSolutionNode = FALSE
	EndGlobalSection
	GlobalSection(ExtensibilityGlobals) = postSolution
		SolutionGuid = {06195908-594B-4AE1-A953-99CB4972A0E3}
	EndGlobalSection
EndGlobal
